
Microsoft Visual Studio Solution File, Format Version 12.00
# Visual Studio Version 17
VisualStudioVersion = 17.14.36705.20 d17.14
MinimumVisualStudioVersion = 10.0.40219.1
Project("{FAE04EC0-301F-11D3-BF4B-00C04F79EFBC}") = "Animal_Clinic_Project_MVC_Group_3", "Animal_Clinic_Project_MVC_Group_3\Animal_Clinic_Project_MVC_Group_3.csproj", "{3A50D6B3-6BA4-44C6-9790-5B5E08F7E49B}"
EndProject
Global
	GlobalSection(SolutionConfigurationPlatforms) = preSolution
		Debug|Any CPU = Debug|Any CPU
		Release|Any CPU = Release|Any CPU
	EndGlobalSection
	GlobalSection(ProjectConfigurationPlatforms) = postSolution
		{3A50D6B3-6BA4-44C6-9790-5B5E08F7E49B}.Debug|Any CPU.ActiveCfg = Debug|Any CPU
		{3A50D6B3-6BA4-44C6-9790-5B5E08F7E49B}.Debug|Any CPU.Build.0 = Debug|Any CPU
		{3A50D6B3-6BA4-44C6-9790-5B5E08F7E49B}.Release|Any CPU.ActiveCfg = Release|Any CPU
		{3A50D6B3-6BA4-44C6-9790-5B5E08F7E49B}.Release|Any CPU.Build.0 = Release|Any CPU
	EndGlobalSection
	GlobalSection(SolutionProperties) = preSolution
		HideSolutionNode = FALSE
	EndGlobalSection
	GlobalSection(ExtensibilityGlobals) = postSolution
		SolutionGuid = {05548F6B-AA8C-4403-9969-9095622DB860}
	EndGlobalSection
EndGlobal
